
Microsoft Visual Studio Solution File, Format Version 12.00
# Visual Studio Version 17
VisualStudioVersion = 17.1.32210.238
MinimumVisualStudioVersion = 10.0.40219.1
Project("{FAE04EC0-301F-11D3-BF4B-00C04F79EFBC}") = "Uppgift 1.1", "Uppgift 1.1\Uppgift 1.1.csproj", "{AE02E131-B099-45C1-81ED-D4682FD6B5C3}"
EndProject
Global
	GlobalSection(SolutionConfigurationPlatforms) = preSolution
		Debug|Any CPU = Debug|Any CPU
		Release|Any CPU = Release|Any CPU
	EndGlobalSection
	GlobalSection(ProjectConfigurationPlatforms) = postSolution
		{AE02E131-B099-45C1-81ED-D4682FD6B5C3}.Debug|Any CPU.ActiveCfg = Debug|Any CPU
		{AE02E131-B099-45C1-81ED-D4682FD6B5C3}.Debug|Any CPU.Build.0 = Debug|Any CPU
		{AE02E131-B099-45C1-81ED-D4682FD6B5C3}.Release|Any CPU.ActiveCfg = Release|Any CPU
		{AE02E131-B099-45C1-81ED-D4682FD6B5C3}.Release|Any CPU.Build.0 = Release|Any CPU
	EndGlobalSection
	GlobalSection(SolutionProperties) = preSolution
		HideSolutionNode = FALSE
	EndGlobalSection
	GlobalSection(ExtensibilityGlobals) = postSolution
		SolutionGuid = {243FA433-B7EC-4CF4-883F-F65F1B1F2B4D}
	EndGlobalSection
EndGlobal
